
Microsoft Visual Studio Solution File, Format Version 12.00
# Visual Studio Version 17
VisualStudioVersion = 17.1.32113.165
MinimumVisualStudioVersion = 10.0.40219.1
Project("{FAE04EC0-301F-11D3-BF4B-00C04F79EFBC}") = "Restaurant", "Restaurant\Restaurant.csproj", "{062B1336-48E9-48B0-8D16-532959E1BEBB}"
EndProject
Global
	GlobalSection(SolutionConfigurationPlatforms) = preSolution
		Debug|Any CPU = Debug|Any CPU
		Release|Any CPU = Release|Any CPU
	EndGlobalSection
	GlobalSection(ProjectConfigurationPlatforms) = postSolution
		{062B1336-48E9-48B0-8D16-532959E1BEBB}.Debug|Any CPU.ActiveCfg = Debug|Any CPU
		{062B1336-48E9-48B0-8D16-532959E1BEBB}.Debug|Any CPU.Build.0 = Debug|Any CPU
		{062B1336-48E9-48B0-8D16-532959E1BEBB}.Release|Any CPU.ActiveCfg = Release|Any CPU
		{062B1336-48E9-48B0-8D16-532959E1BEBB}.Release|Any CPU.Build.0 = Release|Any CPU
	EndGlobalSection
	GlobalSection(SolutionProperties) = preSolution
		HideSolutionNode = FALSE
	EndGlobalSection
	GlobalSection(ExtensibilityGlobals) = postSolution
		SolutionGuid = {B5EB985C-D46E-4959-89A3-DE81A5A86562}
	EndGlobalSection
EndGlobal
